// !$*UTF8*$!
{
	archiveVersion = 1;
	classes = {
	};
	objectVersion = 77;
	objects = {

/* Begin PBXBuildFile section */
		03BEBB0CDA32AC7E0B356D59 /* HydrationEntry.swift in Sources */ = {isa = PBXBuildFile; fileRef = AA0EB512514FCD9E067824DE /* HydrationEntry.swift */; };
		08C163672F7A5BB6A83F0F74 /* DashboardViewModel.swift in Sources */ = {isa = PBXBuildFile; fileRef = 330EBD12ED238268377189D3 /* DashboardViewModel.swift */; };
		1261B9FA8CC478AACC70ED02 /* RamadanScorecardView.swift in Sources */ = {isa = PBXBuildFile; fileRef = 8AFF62EC611461E79ADFA586 /* RamadanScorecardView.swift */; };
		13D5181ACB967E8D12E4DAB2 /* YearComparisonView.swift in Sources */ = {isa = PBXBuildFile; fileRef = 89C7670C0060F158F5DDE04D /* YearComparisonView.swift */; };
		16A8495E2F5947493AE38B3D /* DeedOfTheDayCard.swift in Sources */ = {isa = PBXBuildFile; fileRef = 75CD0684C48EDAF3D0EB9553 /* DeedOfTheDayCard.swift */; };
		19457772ED6A89552D466865 /* HijriCalendarService.swift in Sources */ = {isa = PBXBuildFile; fileRef = 0BC21C4D629E17A78C328F5A /* HijriCalendarService.swift */; };
		1E6E0272BACBC33E2627ACED /* LocationData.swift in Sources */ = {isa = PBXBuildFile; fileRef = E511D30CDE08A56AF0B24EB4 /* LocationData.swift */; };
		27B13F3160C50C87FC9487AE /* RingChartView.swift in Sources */ = {isa = PBXBuildFile; fileRef = 5CD1FB0EDCD06869504DCEFC /* RingChartView.swift */; };
		2E6E986B7910E18720FEE85C /* QuranVerse.swift in Sources */ = {isa = PBXBuildFile; fileRef = 2569270F1AF5E5349D8B11C4 /* QuranVerse.swift */; };
		333255421B6617A74816C8D2 /* Color+Extensions.swift in Sources */ = {isa = PBXBuildFile; fileRef = EEF6F5EE0DCF6BE7E9FD3F92 /* Color+Extensions.swift */; };
		348B8B45F61CCBF216BDF67F /* BadgesGridView.swift in Sources */ = {isa = PBXBuildFile; fileRef = C23A194B0E75960FB82B090C /* BadgesGridView.swift */; };
		3E0FDECEAC106F44EDD3A067 /* SettingsView.swift in Sources */ = {isa = PBXBuildFile; fileRef = AE4ACAF6FC3E0BB1BF7F398C /* SettingsView.swift */; };
		4070A4D94916576FD3B93FEC /* DailyVerseCard.swift in Sources */ = {isa = PBXBuildFile; fileRef = 600E823130393E5295D1C1FA /* DailyVerseCard.swift */; };
		426BBA0361EAA3929F036D95 /* QuranView.swift in Sources */ = {isa = PBXBuildFile; fileRef = 1C87D0F59921D049440DC48B /* QuranView.swift */; };
		4698B81B379A6B34FAE9DBC6 /* ShareableSummaryView.swift in Sources */ = {isa = PBXBuildFile; fileRef = B09B6CC9940A1235268BC158 /* ShareableSummaryView.swift */; };
		4925C91E5755D5940657B239 /* CountdownEngine.swift in Sources */ = {isa = PBXBuildFile; fileRef = D64F45B47AF686D4E9001296 /* CountdownEngine.swift */; };
		4B52656DB65A36A9A10F6078 /* ModelContainer+Suhoor.swift in Sources */ = {isa = PBXBuildFile; fileRef = EF0CAE61A3E6FA830EFD0EFE /* ModelContainer+Suhoor.swift */; };
		5303EF07CD3BD379BFBA2FE6 /* Badge.swift in Sources */ = {isa = PBXBuildFile; fileRef = 144106AB2CB1102F5C6E8C66 /* Badge.swift */; };
		56FD1FD45F5D8E63947FAD74 /* RamadanDayCard.swift in Sources */ = {isa = PBXBuildFile; fileRef = B70243E777C7E1E9B27C5E22 /* RamadanDayCard.swift */; };
		5755B6D49EBC7BAEA2AF8526 /* DailyDeedsView.swift in Sources */ = {isa = PBXBuildFile; fileRef = A05C299C68C863F67D400011 /* DailyDeedsView.swift */; };
		6EB8895EB5B23E77896F27EE /* DailyFastLogView.swift in Sources */ = {isa = PBXBuildFile; fileRef = D482DFF8C9FCAF7D8BF031AF /* DailyFastLogView.swift */; };
		5718536D6CF94B2EE9FBC160 /* RamadanCalendarView.swift in Sources */ = {isa = PBXBuildFile; fileRef = 6F34796D78279BAE30233289 /* RamadanCalendarView.swift */; };
		D042F8952BA64331BA465909 /* FastingStreakView.swift in Sources */ = {isa = PBXBuildFile; fileRef = 9340D105D2F78791C7BA7A08 /* FastingStreakView.swift */; };
		596F940D36672DA9D0932777 /* AshraProgressView.swift in Sources */ = {isa = PBXBuildFile; fileRef = 79B8E42A0563F84AFF0B28A1 /* AshraProgressView.swift */; };
		C0C5B9ABC34873EC10F3FFC3 /* MakeupFastTrackerView.swift in Sources */ = {isa = PBXBuildFile; fileRef = 1EE7024F00E7304C841D8173 /* MakeupFastTrackerView.swift */; };
		0123D8E0CECCE208A432988C /* HealthKitSyncView.swift in Sources */ = {isa = PBXBuildFile; fileRef = DDF1C1D12A8520F013CC044B /* HealthKitSyncView.swift */; };
		5DFE548DFA768DD2EFC156EC /* TrackerView.swift in Sources */ = {isa = PBXBuildFile; fileRef = 1ACDE62A96136D2F47425089 /* TrackerView.swift */; };
		5F9BBF921CF857A3361F95AD /* CountdownArcView.swift in Sources */ = {isa = PBXBuildFile; fileRef = 7A4E87F30B0850A0AC087514 /* CountdownArcView.swift */; };
		6244A0B2D807B9A81107AAF6 /* DeedEntry.swift in Sources */ = {isa = PBXBuildFile; fileRef = 8758898E99D4F034F9FB7E3A /* DeedEntry.swift */; };
		69314AFC51DD018764C94282 /* DashboardView.swift in Sources */ = {isa = PBXBuildFile; fileRef = 30236ED79DBDD9574CBA22CA /* DashboardView.swift */; };
		7ECBCF5B75340DB4346B2621 /* DataService.swift in Sources */ = {isa = PBXBuildFile; fileRef = 276A3910D68B3234B0160F24 /* DataService.swift */; };
		8D67EF5B621753A1693E9B7B /* SuhoorApp.swift in Sources */ = {isa = PBXBuildFile; fileRef = 43E0FA15D24BCE755C348384 /* SuhoorApp.swift */; };
		8F968D11EBE301A53F2D2858 /* DeedOfTheDay.swift in Sources */ = {isa = PBXBuildFile; fileRef = 8FE9FB3D089E65C997108FA3 /* DeedOfTheDay.swift */; };
		9364403E5217846DCAFDF898 /* FastingRecord.swift in Sources */ = {isa = PBXBuildFile; fileRef = 6DA27A9F106C54F2841958D8 /* FastingRecord.swift */; };
		968FFAE261E32DB1F6681905 /* ContentView.swift in Sources */ = {isa = PBXBuildFile; fileRef = 1994C9A1226302607D72E015 /* ContentView.swift */; };
		990D7827085086AB2F92EE4E /* DataManager.swift in Sources */ = {isa = PBXBuildFile; fileRef = 5C7BA26A4E6D11890F94DB2C /* DataManager.swift */; };
		A8A9DEF2A4AA9CD21676FC2E /* SuhoorWidgets.swift in Sources */ = {isa = PBXBuildFile; fileRef = F34234A51FC680D834287D23 /* SuhoorWidgets.swift */; };
		C5470ED549023B36A1DB4E53 /* PrayerTime.swift in Sources */ = {isa = PBXBuildFile; fileRef = 3CF08C8C5F265751315D6BDA /* PrayerTime.swift */; };
		C916D0DA752BBEEE691586D2 /* MakeupFast.swift in Sources */ = {isa = PBXBuildFile; fileRef = 0A0B223E20275D3ACD89E2F6 /* MakeupFast.swift */; };
		D21A0BE5D5A9331CA50EDAAC /* UserSettings.swift in Sources */ = {isa = PBXBuildFile; fileRef = 988CFDF375C77C7B2955DB92 /* UserSettings.swift */; };
		D39E22C40DB30941112B222B /* QuranProgress.swift in Sources */ = {isa = PBXBuildFile; fileRef = 2F08D6455AEC6A144CAB6DB7 /* QuranProgress.swift */; };
		D67CE39D514B6522F3397394 /* QuickStatsRow.swift in Sources */ = {isa = PBXBuildFile; fileRef = F7BC0A676EFB8F834BB58AF2 /* QuickStatsRow.swift */; };
		DBCEDA88C668B432E2F16F15 /* PrayerTimesCalculator.swift in Sources */ = {isa = PBXBuildFile; fileRef = 954E6E5E4C40F69E14C50274 /* PrayerTimesCalculator.swift */; };
		DC3712F22878827122DA44F6 /* LocationService.swift in Sources */ = {isa = PBXBuildFile; fileRef = 8A8598E9D3BFE625FA49B679 /* LocationService.swift */; };
		E445BFA023786A646C327069 /* HealthKitService.swift in Sources */ = {isa = PBXBuildFile; fileRef = 5C36683F804926FCC10634AD /* HealthKitService.swift */; };
		E55FFC201656F9E09FFF6445 /* SuhoorWatchApp.swift in Sources */ = {isa = PBXBuildFile; fileRef = EAACFB950998F42377AFC07A /* SuhoorWatchApp.swift */; };
		EA6A7CA80F9B2E9FD8BE13BB /* NextPrayerCard.swift in Sources */ = {isa = PBXBuildFile; fileRef = 1A28892FF74A74EE2AF4E9AE /* NextPrayerCard.swift */; };
		EB748345639FF8D971925B8A /* CalendarTabView.swift in Sources */ = {isa = PBXBuildFile; fileRef = 6C66BE3453EF0C95D5E882D0 /* CalendarTabView.swift */; };
		EC21397B57E5C4FD36EE04EF /* WatchContentView.swift in Sources */ = {isa = PBXBuildFile; fileRef = AE7D5003606C9FF39076D5C6 /* WatchContentView.swift */; };
		F3BE096F783B6DC89DB0936E /* FastingDay.swift in Sources */ = {isa = PBXBuildFile; fileRef = EADA77EB52EF21705D6FA187 /* FastingDay.swift */; };
		F8D530F08B7C5DA23556EA4B /* Assets.xcassets in Resources */ = {isa = PBXBuildFile; fileRef = 7F17E860E2F4C9291D52C133 /* Assets.xcassets */; };
		FB285F962B84DFE0519FB61C /* SuhoorWidgets.appex in Embed Foundation Extensions */ = {isa = PBXBuildFile; fileRef = 1F00809967824B041BE1EA7A /* SuhoorWidgets.appex */; settings = {ATTRIBUTES = (RemoveHeadersOnCopy, ); }; };
/* End PBXBuildFile section */

/* Begin PBXContainerItemProxy section */
		1E298423BF8DD865FCB89EA0 /* PBXContainerItemProxy */ = {
			isa = PBXContainerItemProxy;
			containerPortal = EDF88ED580DFAF88517A6D2A /* Project object */;
			proxyType = 1;
			remoteGlobalIDString = 74768475057C9512A310E040;
			remoteInfo = SuhoorWidgets;
		};
/* End PBXContainerItemProxy section */

/* Begin PBXCopyFilesBuildPhase section */
		2931C6EB0AA359B8AE6647E3 /* Embed Foundation Extensions */ = {
			isa = PBXCopyFilesBuildPhase;
			buildActionMask = 2147483647;
			dstPath = "";
			dstSubfolderSpec = 13;
			files = (
				FB285F962B84DFE0519FB61C /* SuhoorWidgets.appex in Embed Foundation Extensions */,
			);
			name = "Embed Foundation Extensions";
			runOnlyForDeploymentPostprocessing = 0;
		};
/* End PBXCopyFilesBuildPhase section */

/* Begin PBXFileReference section */
		0A0B223E20275D3ACD89E2F6 /* MakeupFast.swift */ = {isa = PBXFileReference; lastKnownFileType = sourcecode.swift; path = MakeupFast.swift; sourceTree = "<group>"; };
		0BC21C4D629E17A78C328F5A /* HijriCalendarService.swift */ = {isa = PBXFileReference; lastKnownFileType = sourcecode.swift; path = HijriCalendarService.swift; sourceTree = "<group>"; };
		144106AB2CB1102F5C6E8C66 /* Badge.swift */ = {isa = PBXFileReference; lastKnownFileType = sourcecode.swift; path = Badge.swift; sourceTree = "<group>"; };
		1994C9A1226302607D72E015 /* ContentView.swift */ = {isa = PBXFileReference; lastKnownFileType = sourcecode.swift; path = ContentView.swift; sourceTree = "<group>"; };
		1A28892FF74A74EE2AF4E9AE /* NextPrayerCard.swift */ = {isa = PBXFileReference; lastKnownFileType = sourcecode.swift; path = NextPrayerCard.swift; sourceTree = "<group>"; };
		1ACDE62A96136D2F47425089 /* TrackerView.swift */ = {isa = PBXFileReference; lastKnownFileType = sourcecode.swift; path = TrackerView.swift; sourceTree = "<group>"; };
		1C87D0F59921D049440DC48B /* QuranView.swift */ = {isa = PBXFileReference; lastKnownFileType = sourcecode.swift; path = QuranView.swift; sourceTree = "<group>"; };
		1D03953894A91AA211CAEDC4 /* .gitkeep */ = {isa = PBXFileReference; path = .gitkeep; sourceTree = "<group>"; };
		1F00809967824B041BE1EA7A /* SuhoorWidgets.appex */ = {isa = PBXFileReference; includeInIndex = 0; lastKnownFileType = "wrapper.app-extension"; path = SuhoorWidgets.appex; sourceTree = BUILT_PRODUCTS_DIR; };
		2569270F1AF5E5349D8B11C4 /* QuranVerse.swift */ = {isa = PBXFileReference; lastKnownFileType = sourcecode.swift; path = QuranVerse.swift; sourceTree = "<group>"; };
		276A3910D68B3234B0160F24 /* DataService.swift */ = {isa = PBXFileReference; lastKnownFileType = sourcecode.swift; path = DataService.swift; sourceTree = "<group>"; };
		2F08D6455AEC6A144CAB6DB7 /* QuranProgress.swift */ = {isa = PBXFileReference; lastKnownFileType = sourcecode.swift; path = QuranProgress.swift; sourceTree = "<group>"; };
		30236ED79DBDD9574CBA22CA /* DashboardView.swift */ = {isa = PBXFileReference; lastKnownFileType = sourcecode.swift; path = DashboardView.swift; sourceTree = "<group>"; };
		330EBD12ED238268377189D3 /* DashboardViewModel.swift */ = {isa = PBXFileReference; lastKnownFileType = sourcecode.swift; path = DashboardViewModel.swift; sourceTree = "<group>"; };
		3CF08C8C5F265751315D6BDA /* PrayerTime.swift */ = {isa = PBXFileReference; lastKnownFileType = sourcecode.swift; path = PrayerTime.swift; sourceTree = "<group>"; };
		3EC60840A2208E70889F66EE /* SuhoorWidgets.entitlements */ = {isa = PBXFileReference; lastKnownFileType = text.plist.entitlements; path = SuhoorWidgets.entitlements; sourceTree = "<group>"; };
		43E0FA15D24BCE755C348384 /* SuhoorApp.swift */ = {isa = PBXFileReference; lastKnownFileType = sourcecode.swift; path = SuhoorApp.swift; sourceTree = "<group>"; };
		534BFA4E75CFAECEC7F930FA /* Suhoor.app */ = {isa = PBXFileReference; includeInIndex = 0; lastKnownFileType = wrapper.application; path = Suhoor.app; sourceTree = BUILT_PRODUCTS_DIR; };
		5C36683F804926FCC10634AD /* HealthKitService.swift */ = {isa = PBXFileReference; lastKnownFileType = sourcecode.swift; path = HealthKitService.swift; sourceTree = "<group>"; };
		5C7BA26A4E6D11890F94DB2C /* DataManager.swift */ = {isa = PBXFileReference; lastKnownFileType = sourcecode.swift; path = DataManager.swift; sourceTree = "<group>"; };
		5CD1FB0EDCD06869504DCEFC /* RingChartView.swift */ = {isa = PBXFileReference; lastKnownFileType = sourcecode.swift; path = RingChartView.swift; sourceTree = "<group>"; };
		600E823130393E5295D1C1FA /* DailyVerseCard.swift */ = {isa = PBXFileReference; lastKnownFileType = sourcecode.swift; path = DailyVerseCard.swift; sourceTree = "<group>"; };
		6C66BE3453EF0C95D5E882D0 /* CalendarTabView.swift */ = {isa = PBXFileReference; lastKnownFileType = sourcecode.swift; path = CalendarTabView.swift; sourceTree = "<group>"; };
		6DA27A9F106C54F2841958D8 /* FastingRecord.swift */ = {isa = PBXFileReference; lastKnownFileType = sourcecode.swift; path = FastingRecord.swift; sourceTree = "<group>"; };
		75CD0684C48EDAF3D0EB9553 /* DeedOfTheDayCard.swift */ = {isa = PBXFileReference; lastKnownFileType = sourcecode.swift; path = DeedOfTheDayCard.swift; sourceTree = "<group>"; };
		7A4E87F30B0850A0AC087514 /* CountdownArcView.swift */ = {isa = PBXFileReference; lastKnownFileType = sourcecode.swift; path = CountdownArcView.swift; sourceTree = "<group>"; };
		7F17E860E2F4C9291D52C133 /* Assets.xcassets */ = {isa = PBXFileReference; lastKnownFileType = folder.assetcatalog; path = Assets.xcassets; sourceTree = "<group>"; };
		8758898E99D4F034F9FB7E3A /* DeedEntry.swift */ = {isa = PBXFileReference; lastKnownFileType = sourcecode.swift; path = DeedEntry.swift; sourceTree = "<group>"; };
		89C7670C0060F158F5DDE04D /* YearComparisonView.swift */ = {isa = PBXFileReference; lastKnownFileType = sourcecode.swift; path = YearComparisonView.swift; sourceTree = "<group>"; };
		8A8598E9D3BFE625FA49B679 /* LocationService.swift */ = {isa = PBXFileReference; lastKnownFileType = sourcecode.swift; path = LocationService.swift; sourceTree = "<group>"; };
		8AFF62EC611461E79ADFA586 /* RamadanScorecardView.swift */ = {isa = PBXFileReference; lastKnownFileType = sourcecode.swift; path = RamadanScorecardView.swift; sourceTree = "<group>"; };
		8FE9FB3D089E65C997108FA3 /* DeedOfTheDay.swift */ = {isa = PBXFileReference; lastKnownFileType = sourcecode.swift; path = DeedOfTheDay.swift; sourceTree = "<group>"; };
		90A7AE0D8ADBB32A82802F69 /* .gitkeep */ = {isa = PBXFileReference; path = .gitkeep; sourceTree = "<group>"; };
		954E6E5E4C40F69E14C50274 /* PrayerTimesCalculator.swift */ = {isa = PBXFileReference; lastKnownFileType = sourcecode.swift; path = PrayerTimesCalculator.swift; sourceTree = "<group>"; };
		988CFDF375C77C7B2955DB92 /* UserSettings.swift */ = {isa = PBXFileReference; lastKnownFileType = sourcecode.swift; path = UserSettings.swift; sourceTree = "<group>"; };
		9AEAF0C16B7D4A95886317C9 /* SuhoorWatch.app */ = {isa = PBXFileReference; explicitFileType = wrapper.application; includeInIndex = 0; path = SuhoorWatch.app; sourceTree = BUILT_PRODUCTS_DIR; };
		A05C299C68C863F67D400011 /* DailyDeedsView.swift */ = {isa = PBXFileReference; lastKnownFileType = sourcecode.swift; path = DailyDeedsView.swift; sourceTree = "<group>"; };
		D482DFF8C9FCAF7D8BF031AF /* DailyFastLogView.swift */ = {isa = PBXFileReference; lastKnownFileType = sourcecode.swift; path = DailyFastLogView.swift; sourceTree = "<group>"; };
		6F34796D78279BAE30233289 /* RamadanCalendarView.swift */ = {isa = PBXFileReference; lastKnownFileType = sourcecode.swift; path = RamadanCalendarView.swift; sourceTree = "<group>"; };
		9340D105D2F78791C7BA7A08 /* FastingStreakView.swift */ = {isa = PBXFileReference; lastKnownFileType = sourcecode.swift; path = FastingStreakView.swift; sourceTree = "<group>"; };
		79B8E42A0563F84AFF0B28A1 /* AshraProgressView.swift */ = {isa = PBXFileReference; lastKnownFileType = sourcecode.swift; path = AshraProgressView.swift; sourceTree = "<group>"; };
		1EE7024F00E7304C841D8173 /* MakeupFastTrackerView.swift */ = {isa = PBXFileReference; lastKnownFileType = sourcecode.swift; path = MakeupFastTrackerView.swift; sourceTree = "<group>"; };
		DDF1C1D12A8520F013CC044B /* HealthKitSyncView.swift */ = {isa = PBXFileReference; lastKnownFileType = sourcecode.swift; path = HealthKitSyncView.swift; sourceTree = "<group>"; };
		AA0EB512514FCD9E067824DE /* HydrationEntry.swift */ = {isa = PBXFileReference; lastKnownFileType = sourcecode.swift; path = HydrationEntry.swift; sourceTree = "<group>"; };
		AE4ACAF6FC3E0BB1BF7F398C /* SettingsView.swift */ = {isa = PBXFileReference; lastKnownFileType = sourcecode.swift; path = SettingsView.swift; sourceTree = "<group>"; };
		AE7D5003606C9FF39076D5C6 /* WatchContentView.swift */ = {isa = PBXFileReference; lastKnownFileType = sourcecode.swift; path = WatchContentView.swift; sourceTree = "<group>"; };
		B09B6CC9940A1235268BC158 /* ShareableSummaryView.swift */ = {isa = PBXFileReference; lastKnownFileType = sourcecode.swift; path = ShareableSummaryView.swift; sourceTree = "<group>"; };
		B70243E777C7E1E9B27C5E22 /* RamadanDayCard.swift */ = {isa = PBXFileReference; lastKnownFileType = sourcecode.swift; path = RamadanDayCard.swift; sourceTree = "<group>"; };
		BBDD2EDA1D53537BAF5F848E /* Suhoor.entitlements */ = {isa = PBXFileReference; lastKnownFileType = text.plist.entitlements; path = Suhoor.entitlements; sourceTree = "<group>"; };
		BDCA5E9955AF6504F3498FFF /* .gitkeep */ = {isa = PBXFileReference; path = .gitkeep; sourceTree = "<group>"; };
		C057859B32EE5CFCD0E88011 /* .gitkeep */ = {isa = PBXFileReference; path = .gitkeep; sourceTree = "<group>"; };
		C23A194B0E75960FB82B090C /* BadgesGridView.swift */ = {isa = PBXFileReference; lastKnownFileType = sourcecode.swift; path = BadgesGridView.swift; sourceTree = "<group>"; };
		C5013D2F9602338362B8EE10 /* .gitkeep */ = {isa = PBXFileReference; path = .gitkeep; sourceTree = "<group>"; };
		CF547A2BAE03710D7B7A2165 /* .gitkeep */ = {isa = PBXFileReference; path = .gitkeep; sourceTree = "<group>"; };
		D64F45B47AF686D4E9001296 /* CountdownEngine.swift */ = {isa = PBXFileReference; lastKnownFileType = sourcecode.swift; path = CountdownEngine.swift; sourceTree = "<group>"; };
		E511D30CDE08A56AF0B24EB4 /* LocationData.swift */ = {isa = PBXFileReference; lastKnownFileType = sourcecode.swift; path = LocationData.swift; sourceTree = "<group>"; };
		EAACFB950998F42377AFC07A /* SuhoorWatchApp.swift */ = {isa = PBXFileReference; lastKnownFileType = sourcecode.swift; path = SuhoorWatchApp.swift; sourceTree = "<group>"; };
		EADA77EB52EF21705D6FA187 /* FastingDay.swift */ = {isa = PBXFileReference; lastKnownFileType = sourcecode.swift; path = FastingDay.swift; sourceTree = "<group>"; };
		EEF6F5EE0DCF6BE7E9FD3F92 /* Color+Extensions.swift */ = {isa = PBXFileReference; lastKnownFileType = sourcecode.swift; path = "Color+Extensions.swift"; sourceTree = "<group>"; };
		EF0CAE61A3E6FA830EFD0EFE /* ModelContainer+Suhoor.swift */ = {isa = PBXFileReference; lastKnownFileType = sourcecode.swift; path = "ModelContainer+Suhoor.swift"; sourceTree = "<group>"; };
		F34234A51FC680D834287D23 /* SuhoorWidgets.swift */ = {isa = PBXFileReference; lastKnownFileType = sourcecode.swift; path = SuhoorWidgets.swift; sourceTree = "<group>"; };
		F7BC0A676EFB8F834BB58AF2 /* QuickStatsRow.swift */ = {isa = PBXFileReference; lastKnownFileType = sourcecode.swift; path = QuickStatsRow.swift; sourceTree = "<group>"; };
/* End PBXFileReference section */

/* Begin PBXGroup section */
		0150ED23522E7A7A08CFEB73 /* Models */ = {
			isa = PBXGroup;
			children = (
				CF547A2BAE03710D7B7A2165 /* .gitkeep */,
				144106AB2CB1102F5C6E8C66 /* Badge.swift */,
				8758898E99D4F034F9FB7E3A /* DeedEntry.swift */,
				8FE9FB3D089E65C997108FA3 /* DeedOfTheDay.swift */,
				EADA77EB52EF21705D6FA187 /* FastingDay.swift */,
				6DA27A9F106C54F2841958D8 /* FastingRecord.swift */,
				AA0EB512514FCD9E067824DE /* HydrationEntry.swift */,
				E511D30CDE08A56AF0B24EB4 /* LocationData.swift */,
				0A0B223E20275D3ACD89E2F6 /* MakeupFast.swift */,
				EF0CAE61A3E6FA830EFD0EFE /* ModelContainer+Suhoor.swift */,
				3CF08C8C5F265751315D6BDA /* PrayerTime.swift */,
				2F08D6455AEC6A144CAB6DB7 /* QuranProgress.swift */,
				2569270F1AF5E5349D8B11C4 /* QuranVerse.swift */,
				988CFDF375C77C7B2955DB92 /* UserSettings.swift */,
			);
			path = Models;
			sourceTree = "<group>";
		};
		2B751A173388A29A041D5A82 /* Settings */ = {
			isa = PBXGroup;
			children = (
				AE4ACAF6FC3E0BB1BF7F398C /* SettingsView.swift */,
			);
			path = Settings;
			sourceTree = "<group>";
		};
		2C93CDD6316C52EFF1C2E8B4 = {
			isa = PBXGroup;
			children = (
				9B5A2537FC5A9180AB266E85 /* Suhoor */,
				692AEA368E3BA6BB5C6B8E3E /* SuhoorWatchApp */,
				CB069D1FF301557FEA9AE741 /* SuhoorWidgets */,
				9E5EF3A71042BB76330CC5A9 /* Products */,
			);
			sourceTree = "<group>";
		};
		352D6AA55BBBC390DB2F8B63 /* Components */ = {
			isa = PBXGroup;
			children = (
				C23A194B0E75960FB82B090C /* BadgesGridView.swift */,
				A05C299C68C863F67D400011 /* DailyDeedsView.swift */,
				D482DFF8C9FCAF7D8BF031AF /* DailyFastLogView.swift */,
				6F34796D78279BAE30233289 /* RamadanCalendarView.swift */,
				9340D105D2F78791C7BA7A08 /* FastingStreakView.swift */,
				79B8E42A0563F84AFF0B28A1 /* AshraProgressView.swift */,
				1EE7024F00E7304C841D8173 /* MakeupFastTrackerView.swift */,
				DDF1C1D12A8520F013CC044B /* HealthKitSyncView.swift */,
				8AFF62EC611461E79ADFA586 /* RamadanScorecardView.swift */,
				5CD1FB0EDCD06869504DCEFC /* RingChartView.swift */,
				B09B6CC9940A1235268BC158 /* ShareableSummaryView.swift */,
				89C7670C0060F158F5DDE04D /* YearComparisonView.swift */,
			);
			path = Components;
			sourceTree = "<group>";
		};
		42A0EF07BF8645B9123F04EA /* Qibla */ = {
			isa = PBXGroup;
			children = (
				BDCA5E9955AF6504F3498FFF /* .gitkeep */,
			);
			path = Qibla;
			sourceTree = "<group>";
		};
		58A99168D02A7B37E7E06081 /* Onboarding */ = {
			isa = PBXGroup;
			children = (
				1D03953894A91AA211CAEDC4 /* .gitkeep */,
			);
			path = Onboarding;
			sourceTree = "<group>";
		};
		692AEA368E3BA6BB5C6B8E3E /* SuhoorWatchApp */ = {
			isa = PBXGroup;
			children = (
				EAACFB950998F42377AFC07A /* SuhoorWatchApp.swift */,
				AE7D5003606C9FF39076D5C6 /* WatchContentView.swift */,
			);
			name = SuhoorWatchApp;
			path = SuhoorWatch/SuhoorWatchApp;
			sourceTree = "<group>";
		};
		8F6E35344737174046B38252 /* Tracker */ = {
			isa = PBXGroup;
			children = (
				1ACDE62A96136D2F47425089 /* TrackerView.swift */,
				352D6AA55BBBC390DB2F8B63 /* Components */,
			);
			path = Tracker;
			sourceTree = "<group>";
		};
		9B5A2537FC5A9180AB266E85 /* Suhoor */ = {
			isa = PBXGroup;
			children = (
				1994C9A1226302607D72E015 /* ContentView.swift */,
				BBDD2EDA1D53537BAF5F848E /* Suhoor.entitlements */,
				43E0FA15D24BCE755C348384 /* SuhoorApp.swift */,
				A3408200714C0960F9CDFFC0 /* Extensions */,
				DC3ED171F77AF976A1C1CB7B /* Managers */,
				0150ED23522E7A7A08CFEB73 /* Models */,
				E9A0AACE477F090C255DC44B /* Resources */,
				E7D608BD8DADC6586B114E99 /* Services */,
				D9E2BA64F7719CC64E7C1F6D /* Views */,
			);
			path = Suhoor;
			sourceTree = "<group>";
		};
		9E5EF3A71042BB76330CC5A9 /* Products */ = {
			isa = PBXGroup;
			children = (
				534BFA4E75CFAECEC7F930FA /* Suhoor.app */,
				9AEAF0C16B7D4A95886317C9 /* SuhoorWatch.app */,
				1F00809967824B041BE1EA7A /* SuhoorWidgets.appex */,
			);
			name = Products;
			sourceTree = "<group>";
		};
		A3408200714C0960F9CDFFC0 /* Extensions */ = {
			isa = PBXGroup;
			children = (
				EEF6F5EE0DCF6BE7E9FD3F92 /* Color+Extensions.swift */,
			);
			path = Extensions;
			sourceTree = "<group>";
		};
		A5FB9CF9D021D12C7A739F1F /* Quran */ = {
			isa = PBXGroup;
			children = (
				1C87D0F59921D049440DC48B /* QuranView.swift */,
			);
			path = Quran;
			sourceTree = "<group>";
		};
		B4CDF749F271395AC6CCD96C /* Dashboard */ = {
			isa = PBXGroup;
			children = (
				30236ED79DBDD9574CBA22CA /* DashboardView.swift */,
				E7961DC7519AC8B2748FBF7F /* Components */,
			);
			path = Dashboard;
			sourceTree = "<group>";
		};
		CB069D1FF301557FEA9AE741 /* SuhoorWidgets */ = {
			isa = PBXGroup;
			children = (
				3EC60840A2208E70889F66EE /* SuhoorWidgets.entitlements */,
				F34234A51FC680D834287D23 /* SuhoorWidgets.swift */,
			);
			path = SuhoorWidgets;
			sourceTree = "<group>";
		};
		D9E2BA64F7719CC64E7C1F6D /* Views */ = {
			isa = PBXGroup;
			children = (
				EA4FB43B531B253B21ED907C /* Calendar */,
				B4CDF749F271395AC6CCD96C /* Dashboard */,
				58A99168D02A7B37E7E06081 /* Onboarding */,
				42A0EF07BF8645B9123F04EA /* Qibla */,
				A5FB9CF9D021D12C7A739F1F /* Quran */,
				2B751A173388A29A041D5A82 /* Settings */,
				8F6E35344737174046B38252 /* Tracker */,
			);
			path = Views;
			sourceTree = "<group>";
		};
		DC3ED171F77AF976A1C1CB7B /* Managers */ = {
			isa = PBXGroup;
			children = (
				C5013D2F9602338362B8EE10 /* .gitkeep */,
				330EBD12ED238268377189D3 /* DashboardViewModel.swift */,
			);
			path = Managers;
			sourceTree = "<group>";
		};
		E7961DC7519AC8B2748FBF7F /* Components */ = {
			isa = PBXGroup;
			children = (
				7A4E87F30B0850A0AC087514 /* CountdownArcView.swift */,
				600E823130393E5295D1C1FA /* DailyVerseCard.swift */,
				75CD0684C48EDAF3D0EB9553 /* DeedOfTheDayCard.swift */,
				1A28892FF74A74EE2AF4E9AE /* NextPrayerCard.swift */,
				F7BC0A676EFB8F834BB58AF2 /* QuickStatsRow.swift */,
				B70243E777C7E1E9B27C5E22 /* RamadanDayCard.swift */,
			);
			path = Components;
			sourceTree = "<group>";
		};
		E7D608BD8DADC6586B114E99 /* Services */ = {
			isa = PBXGroup;
			children = (
				90A7AE0D8ADBB32A82802F69 /* .gitkeep */,
				D64F45B47AF686D4E9001296 /* CountdownEngine.swift */,
				5C7BA26A4E6D11890F94DB2C /* DataManager.swift */,
				276A3910D68B3234B0160F24 /* DataService.swift */,
				5C36683F804926FCC10634AD /* HealthKitService.swift */,
				0BC21C4D629E17A78C328F5A /* HijriCalendarService.swift */,
				8A8598E9D3BFE625FA49B679 /* LocationService.swift */,
				954E6E5E4C40F69E14C50274 /* PrayerTimesCalculator.swift */,
			);
			path = Services;
			sourceTree = "<group>";
		};
		E9A0AACE477F090C255DC44B /* Resources */ = {
			isa = PBXGroup;
			children = (
				C057859B32EE5CFCD0E88011 /* .gitkeep */,
				7F17E860E2F4C9291D52C133 /* Assets.xcassets */,
			);
			path = Resources;
			sourceTree = "<group>";
		};
		EA4FB43B531B253B21ED907C /* Calendar */ = {
			isa = PBXGroup;
			children = (
				6C66BE3453EF0C95D5E882D0 /* CalendarTabView.swift */,
			);
			path = Calendar;
			sourceTree = "<group>";
		};
/* End PBXGroup section */

/* Begin PBXNativeTarget section */
		0E94181852E93888EC88C8BC /* Suhoor */ = {
			isa = PBXNativeTarget;
			buildConfigurationList = 8A350E98102CF103338C9BDC /* Build configuration list for PBXNativeTarget "Suhoor" */;
			buildPhases = (
				369C9A893907568435AD7846 /* Sources */,
				9BE0892DC3153C05F7FD0F67 /* Resources */,
				2931C6EB0AA359B8AE6647E3 /* Embed Foundation Extensions */,
			);
			buildRules = (
			);
			dependencies = (
				228C9290F2AFF096A0A03DE4 /* PBXTargetDependency */,
			);
			name = Suhoor;
			packageProductDependencies = (
			);
			productName = Suhoor;
			productReference = 534BFA4E75CFAECEC7F930FA /* Suhoor.app */;
			productType = "com.apple.product-type.application";
		};
		70DBB43634B7B43454EC6C12 /* SuhoorWatch */ = {
			isa = PBXNativeTarget;
			buildConfigurationList = A85B85CE2BF49B3BCDB0D8F5 /* Build configuration list for PBXNativeTarget "SuhoorWatch" */;
			buildPhases = (
				5E06C5A525F11FCE2F2E5BCA /* Sources */,
			);
			buildRules = (
			);
			dependencies = (
			);
			name = SuhoorWatch;
			packageProductDependencies = (
			);
			productName = SuhoorWatch;
			productReference = 9AEAF0C16B7D4A95886317C9 /* SuhoorWatch.app */;
			productType = "com.apple.product-type.application";
		};
		74768475057C9512A310E040 /* SuhoorWidgets */ = {
			isa = PBXNativeTarget;
			buildConfigurationList = 2172CCC7056D396FD43B4FF9 /* Build configuration list for PBXNativeTarget "SuhoorWidgets" */;
			buildPhases = (
				6ABF66BFE35D23F61B3F9FA2 /* Sources */,
			);
			buildRules = (
			);
			dependencies = (
			);
			name = SuhoorWidgets;
			packageProductDependencies = (
			);
			productName = SuhoorWidgets;
			productReference = 1F00809967824B041BE1EA7A /* SuhoorWidgets.appex */;
			productType = "com.apple.product-type.app-extension";
		};
/* End PBXNativeTarget section */

/* Begin PBXProject section */
		EDF88ED580DFAF88517A6D2A /* Project object */ = {
			isa = PBXProject;
			attributes = {
				BuildIndependentTargetsInParallel = YES;
				LastUpgradeCheck = 1600;
				TargetAttributes = {
					0E94181852E93888EC88C8BC = {
						DevelopmentTeam = XHKABG374;
						ProvisioningStyle = Automatic;
					};
					70DBB43634B7B43454EC6C12 = {
						DevelopmentTeam = XHKABG374;
						ProvisioningStyle = Automatic;
					};
					74768475057C9512A310E040 = {
						DevelopmentTeam = XHKABG374;
						ProvisioningStyle = Automatic;
					};
				};
			};
			buildConfigurationList = 06721FF985C39818A16DAB14 /* Build configuration list for PBXProject "Suhoor" */;
			compatibilityVersion = "Xcode 14.0";
			developmentRegion = en;
			hasScannedForEncodings = 0;
			knownRegions = (
				Base,
				en,
			);
			mainGroup = 2C93CDD6316C52EFF1C2E8B4;
			minimizedProjectReferenceProxies = 1;
			preferredProjectObjectVersion = 77;
			projectDirPath = "";
			projectRoot = "";
			targets = (
				0E94181852E93888EC88C8BC /* Suhoor */,
				70DBB43634B7B43454EC6C12 /* SuhoorWatch */,
				74768475057C9512A310E040 /* SuhoorWidgets */,
			);
		};
/* End PBXProject section */

/* Begin PBXResourcesBuildPhase section */
		9BE0892DC3153C05F7FD0F67 /* Resources */ = {
			isa = PBXResourcesBuildPhase;
			buildActionMask = 2147483647;
			files = (
				F8D530F08B7C5DA23556EA4B /* Assets.xcassets in Resources */,
			);
			runOnlyForDeploymentPostprocessing = 0;
		};
/* End PBXResourcesBuildPhase section */

/* Begin PBXSourcesBuildPhase section */
		369C9A893907568435AD7846 /* Sources */ = {
			isa = PBXSourcesBuildPhase;
			buildActionMask = 2147483647;
			files = (
				5303EF07CD3BD379BFBA2FE6 /* Badge.swift in Sources */,
				348B8B45F61CCBF216BDF67F /* BadgesGridView.swift in Sources */,
				EB748345639FF8D971925B8A /* CalendarTabView.swift in Sources */,
				333255421B6617A74816C8D2 /* Color+Extensions.swift in Sources */,
				968FFAE261E32DB1F6681905 /* ContentView.swift in Sources */,
				5F9BBF921CF857A3361F95AD /* CountdownArcView.swift in Sources */,
				4925C91E5755D5940657B239 /* CountdownEngine.swift in Sources */,
				5755B6D49EBC7BAEA2AF8526 /* DailyDeedsView.swift in Sources */,
				6EB8895EB5B23E77896F27EE /* DailyFastLogView.swift in Sources */,
				5718536D6CF94B2EE9FBC160 /* RamadanCalendarView.swift in Sources */,
				D042F8952BA64331BA465909 /* FastingStreakView.swift in Sources */,
				596F940D36672DA9D0932777 /* AshraProgressView.swift in Sources */,
				C0C5B9ABC34873EC10F3FFC3 /* MakeupFastTrackerView.swift in Sources */,
				0123D8E0CECCE208A432988C /* HealthKitSyncView.swift in Sources */,
				4070A4D94916576FD3B93FEC /* DailyVerseCard.swift in Sources */,
				69314AFC51DD018764C94282 /* DashboardView.swift in Sources */,
				08C163672F7A5BB6A83F0F74 /* DashboardViewModel.swift in Sources */,
				990D7827085086AB2F92EE4E /* DataManager.swift in Sources */,
				7ECBCF5B75340DB4346B2621 /* DataService.swift in Sources */,
				6244A0B2D807B9A81107AAF6 /* DeedEntry.swift in Sources */,
				8F968D11EBE301A53F2D2858 /* DeedOfTheDay.swift in Sources */,
				16A8495E2F5947493AE38B3D /* DeedOfTheDayCard.swift in Sources */,
				F3BE096F783B6DC89DB0936E /* FastingDay.swift in Sources */,
				9364403E5217846DCAFDF898 /* FastingRecord.swift in Sources */,
				E445BFA023786A646C327069 /* HealthKitService.swift in Sources */,
				19457772ED6A89552D466865 /* HijriCalendarService.swift in Sources */,
				03BEBB0CDA32AC7E0B356D59 /* HydrationEntry.swift in Sources */,
				1E6E0272BACBC33E2627ACED /* LocationData.swift in Sources */,
				DC3712F22878827122DA44F6 /* LocationService.swift in Sources */,
				C916D0DA752BBEEE691586D2 /* MakeupFast.swift in Sources */,
				4B52656DB65A36A9A10F6078 /* ModelContainer+Suhoor.swift in Sources */,
				EA6A7CA80F9B2E9FD8BE13BB /* NextPrayerCard.swift in Sources */,
				C5470ED549023B36A1DB4E53 /* PrayerTime.swift in Sources */,
				DBCEDA88C668B432E2F16F15 /* PrayerTimesCalculator.swift in Sources */,
				D67CE39D514B6522F3397394 /* QuickStatsRow.swift in Sources */,
				D39E22C40DB30941112B222B /* QuranProgress.swift in Sources */,
				2E6E986B7910E18720FEE85C /* QuranVerse.swift in Sources */,
				426BBA0361EAA3929F036D95 /* QuranView.swift in Sources */,
				56FD1FD45F5D8E63947FAD74 /* RamadanDayCard.swift in Sources */,
				1261B9FA8CC478AACC70ED02 /* RamadanScorecardView.swift in Sources */,
				27B13F3160C50C87FC9487AE /* RingChartView.swift in Sources */,
				3E0FDECEAC106F44EDD3A067 /* SettingsView.swift in Sources */,
				4698B81B379A6B34FAE9DBC6 /* ShareableSummaryView.swift in Sources */,
				8D67EF5B621753A1693E9B7B /* SuhoorApp.swift in Sources */,
				5DFE548DFA768DD2EFC156EC /* TrackerView.swift in Sources */,
				D21A0BE5D5A9331CA50EDAAC /* UserSettings.swift in Sources */,
				13D5181ACB967E8D12E4DAB2 /* YearComparisonView.swift in Sources */,
			);
			runOnlyForDeploymentPostprocessing = 0;
		};
		5E06C5A525F11FCE2F2E5BCA /* Sources */ = {
			isa = PBXSourcesBuildPhase;
			buildActionMask = 2147483647;
			files = (
				E55FFC201656F9E09FFF6445 /* SuhoorWatchApp.swift in Sources */,
				EC21397B57E5C4FD36EE04EF /* WatchContentView.swift in Sources */,
			);
			runOnlyForDeploymentPostprocessing = 0;
		};
		6ABF66BFE35D23F61B3F9FA2 /* Sources */ = {
			isa = PBXSourcesBuildPhase;
			buildActionMask = 2147483647;
			files = (
				A8A9DEF2A4AA9CD21676FC2E /* SuhoorWidgets.swift in Sources */,
			);
			runOnlyForDeploymentPostprocessing = 0;
		};
/* End PBXSourcesBuildPhase section */

/* Begin PBXTargetDependency section */
		228C9290F2AFF096A0A03DE4 /* PBXTargetDependency */ = {
			isa = PBXTargetDependency;
			target = 74768475057C9512A310E040 /* SuhoorWidgets */;
			targetProxy = 1E298423BF8DD865FCB89EA0 /* PBXContainerItemProxy */;
		};
/* End PBXTargetDependency section */

/* Begin XCBuildConfiguration section */
		0E85BA63EA73F7F9A2D82BF4 /* Debug */ = {
			isa = XCBuildConfiguration;
			buildSettings = {
				ALWAYS_SEARCH_USER_PATHS = NO;
				CLANG_ANALYZER_NONNULL = YES;
				CLANG_ANALYZER_NUMBER_OBJECT_CONVERSION = YES_AGGRESSIVE;
				CLANG_CXX_LANGUAGE_STANDARD = "gnu++14";
				CLANG_CXX_LIBRARY = "libc++";
				CLANG_ENABLE_MODULES = YES;
				CLANG_ENABLE_OBJC_ARC = YES;
				CLANG_ENABLE_OBJC_WEAK = YES;
				CLANG_WARN_BLOCK_CAPTURE_AUTORELEASING = YES;
				CLANG_WARN_BOOL_CONVERSION = YES;
				CLANG_WARN_COMMA = YES;
				CLANG_WARN_CONSTANT_CONVERSION = YES;
				CLANG_WARN_DEPRECATED_OBJC_IMPLEMENTATIONS = YES;
				CLANG_WARN_DIRECT_OBJC_ISA_USAGE = YES_ERROR;
				CLANG_WARN_DOCUMENTATION_COMMENTS = YES;
				CLANG_WARN_EMPTY_BODY = YES;
				CLANG_WARN_ENUM_CONVERSION = YES;
				CLANG_WARN_INFINITE_RECURSION = YES;
				CLANG_WARN_INT_CONVERSION = YES;
				CLANG_WARN_NON_LITERAL_NULL_CONVERSION = YES;
				CLANG_WARN_OBJC_IMPLICIT_RETAIN_SELF = YES;
				CLANG_WARN_OBJC_LITERAL_CONVERSION = YES;
				CLANG_WARN_OBJC_ROOT_CLASS = YES_ERROR;
				CLANG_WARN_QUOTED_INCLUDE_IN_FRAMEWORK_HEADER = YES;
				CLANG_WARN_RANGE_LOOP_ANALYSIS = YES;
				CLANG_WARN_STRICT_PROTOTYPES = YES;
				CLANG_WARN_SUSPICIOUS_MOVE = YES;
				CLANG_WARN_UNGUARDED_AVAILABILITY = YES_AGGRESSIVE;
				CLANG_WARN_UNREACHABLE_CODE = YES;
				CLANG_WARN__DUPLICATE_METHOD_MATCH = YES;
				CODE_SIGN_STYLE = Automatic;
				COPY_PHASE_STRIP = NO;
				DEBUG_INFORMATION_FORMAT = dwarf;
				DEVELOPMENT_TEAM = XHKABG374;
				ENABLE_STRICT_OBJC_MSGSEND = YES;
				ENABLE_TESTABILITY = YES;
				GCC_C_LANGUAGE_STANDARD = gnu11;
				GCC_DYNAMIC_NO_PIC = NO;
				GCC_NO_COMMON_BLOCKS = YES;
				GCC_OPTIMIZATION_LEVEL = 0;
				GCC_PREPROCESSOR_DEFINITIONS = (
					"$(inherited)",
					"DEBUG=1",
				);
				GCC_WARN_64_TO_32_BIT_CONVERSION = YES;
				GCC_WARN_ABOUT_RETURN_TYPE = YES_ERROR;
				GCC_WARN_UNDECLARED_SELECTOR = YES;
				GCC_WARN_UNINITIALIZED_AUTOS = YES_AGGRESSIVE;
				GCC_WARN_UNUSED_FUNCTION = YES;
				GCC_WARN_UNUSED_VARIABLE = YES;
				IPHONEOS_DEPLOYMENT_TARGET = 17.0;
				MTL_ENABLE_DEBUG_INFO = INCLUDE_SOURCE;
				MTL_FAST_MATH = YES;
				ONLY_ACTIVE_ARCH = YES;
				PRODUCT_NAME = "$(TARGET_NAME)";
				SWIFT_ACTIVE_COMPILATION_CONDITIONS = DEBUG;
				SWIFT_OPTIMIZATION_LEVEL = "-Onone";
				SWIFT_VERSION = 5.0;
				WATCHOS_DEPLOYMENT_TARGET = 10.0;
			};
			name = Debug;
		};
		547E12A2A8AEFBF654FD7EF5 /* Debug */ = {
			isa = XCBuildConfiguration;
			buildSettings = {
				ASSETCATALOG_COMPILER_APPICON_NAME = AppIcon;
				CURRENT_PROJECT_VERSION = 1;
				GENERATE_INFOPLIST_FILE = YES;
				INFOPLIST_GENERATION_MODE = GeneratedFile;
				MARKETING_VERSION = 1.0.0;
				PRODUCT_BUNDLE_IDENTIFIER = com.chadnewbry.suhoor.watchapp;
				SDKROOT = watchos;
				SKIP_INSTALL = YES;
				SWIFT_EMIT_LOC_STRINGS = YES;
				TARGETED_DEVICE_FAMILY = 4;
				WATCHOS_DEPLOYMENT_TARGET = 10.0;
			};
			name = Debug;
		};
		5BEA86363647F1BA57A94A34 /* Release */ = {
			isa = XCBuildConfiguration;
			buildSettings = {
				ASSETCATALOG_COMPILER_APPICON_NAME = AppIcon;
				CODE_SIGN_ENTITLEMENTS = Suhoor/Suhoor.entitlements;
				CODE_SIGN_IDENTITY = "iPhone Developer";
				CURRENT_PROJECT_VERSION = 1;
				GENERATE_INFOPLIST_FILE = YES;
				INFOPLIST_GENERATION_MODE = GeneratedFile;
				INFOPLIST_KEY_NSHealthShareUsageDescription = "Suhoor can track your fasting hours in Apple Health.";
				INFOPLIST_KEY_NSLocationWhenInUseUsageDescription = "Suhoor needs your location to calculate accurate prayer times and Qibla direction.";
				INFOPLIST_KEY_UIApplicationSceneManifest_Generation = YES;
				INFOPLIST_KEY_UIApplicationSupportsIndirectInputEvents = YES;
				INFOPLIST_KEY_UILaunchScreen_Generation = YES;
				INFOPLIST_KEY_UISupportedInterfaceOrientations_iPad = "UIInterfaceOrientationPortrait UIInterfaceOrientationPortraitUpsideDown UIInterfaceOrientationLandscapeLeft UIInterfaceOrientationLandscapeRight";
				INFOPLIST_KEY_UISupportedInterfaceOrientations_iPhone = UIInterfaceOrientationPortrait;
				LD_RUNPATH_SEARCH_PATHS = (
					"$(inherited)",
					"@executable_path/Frameworks",
				);
				MARKETING_VERSION = 1.0.0;
				PRODUCT_BUNDLE_IDENTIFIER = com.chadnewbry.suhoor;
				SDKROOT = iphoneos;
				SWIFT_EMIT_LOC_STRINGS = YES;
				TARGETED_DEVICE_FAMILY = "1,2";
			};
			name = Release;
		};
		5F44BCE3B13BBD7D36262250 /* Release */ = {
			isa = XCBuildConfiguration;
			buildSettings = {
				ALWAYS_SEARCH_USER_PATHS = NO;
				CLANG_ANALYZER_NONNULL = YES;
				CLANG_ANALYZER_NUMBER_OBJECT_CONVERSION = YES_AGGRESSIVE;
				CLANG_CXX_LANGUAGE_STANDARD = "gnu++14";
				CLANG_CXX_LIBRARY = "libc++";
				CLANG_ENABLE_MODULES = YES;
				CLANG_ENABLE_OBJC_ARC = YES;
				CLANG_ENABLE_OBJC_WEAK = YES;
				CLANG_WARN_BLOCK_CAPTURE_AUTORELEASING = YES;
				CLANG_WARN_BOOL_CONVERSION = YES;
				CLANG_WARN_COMMA = YES;
				CLANG_WARN_CONSTANT_CONVERSION = YES;
				CLANG_WARN_DEPRECATED_OBJC_IMPLEMENTATIONS = YES;
				CLANG_WARN_DIRECT_OBJC_ISA_USAGE = YES_ERROR;
				CLANG_WARN_DOCUMENTATION_COMMENTS = YES;
				CLANG_WARN_EMPTY_BODY = YES;
				CLANG_WARN_ENUM_CONVERSION = YES;
				CLANG_WARN_INFINITE_RECURSION = YES;
				CLANG_WARN_INT_CONVERSION = YES;
				CLANG_WARN_NON_LITERAL_NULL_CONVERSION = YES;
				CLANG_WARN_OBJC_IMPLICIT_RETAIN_SELF = YES;
				CLANG_WARN_OBJC_LITERAL_CONVERSION = YES;
				CLANG_WARN_OBJC_ROOT_CLASS = YES_ERROR;
				CLANG_WARN_QUOTED_INCLUDE_IN_FRAMEWORK_HEADER = YES;
				CLANG_WARN_RANGE_LOOP_ANALYSIS = YES;
				CLANG_WARN_STRICT_PROTOTYPES = YES;
				CLANG_WARN_SUSPICIOUS_MOVE = YES;
				CLANG_WARN_UNGUARDED_AVAILABILITY = YES_AGGRESSIVE;
				CLANG_WARN_UNREACHABLE_CODE = YES;
				CLANG_WARN__DUPLICATE_METHOD_MATCH = YES;
				CODE_SIGN_STYLE = Automatic;
				COPY_PHASE_STRIP = NO;
				DEBUG_INFORMATION_FORMAT = "dwarf-with-dsym";
				DEVELOPMENT_TEAM = XHKABG374;
				ENABLE_NS_ASSERTIONS = NO;
				ENABLE_STRICT_OBJC_MSGSEND = YES;
				GCC_C_LANGUAGE_STANDARD = gnu11;
				GCC_NO_COMMON_BLOCKS = YES;
				GCC_WARN_64_TO_32_BIT_CONVERSION = YES;
				GCC_WARN_ABOUT_RETURN_TYPE = YES_ERROR;
				GCC_WARN_UNDECLARED_SELECTOR = YES;
				GCC_WARN_UNINITIALIZED_AUTOS = YES_AGGRESSIVE;
				GCC_WARN_UNUSED_FUNCTION = YES;
				GCC_WARN_UNUSED_VARIABLE = YES;
				IPHONEOS_DEPLOYMENT_TARGET = 17.0;
				MTL_ENABLE_DEBUG_INFO = NO;
				MTL_FAST_MATH = YES;
				PRODUCT_NAME = "$(TARGET_NAME)";
				SWIFT_COMPILATION_MODE = wholemodule;
				SWIFT_OPTIMIZATION_LEVEL = "-O";
				SWIFT_VERSION = 5.0;
				WATCHOS_DEPLOYMENT_TARGET = 10.0;
			};
			name = Release;
		};
		96F686864566F20F30806D89 /* Release */ = {
			isa = XCBuildConfiguration;
			buildSettings = {
				ASSETCATALOG_COMPILER_APPICON_NAME = AppIcon;
				CURRENT_PROJECT_VERSION = 1;
				GENERATE_INFOPLIST_FILE = YES;
				INFOPLIST_GENERATION_MODE = GeneratedFile;
				MARKETING_VERSION = 1.0.0;
				PRODUCT_BUNDLE_IDENTIFIER = com.chadnewbry.suhoor.watchapp;
				SDKROOT = watchos;
				SKIP_INSTALL = YES;
				SWIFT_EMIT_LOC_STRINGS = YES;
				TARGETED_DEVICE_FAMILY = 4;
				WATCHOS_DEPLOYMENT_TARGET = 10.0;
			};
			name = Release;
		};
		BC625D184A1D66AF932C28B2 /* Debug */ = {
			isa = XCBuildConfiguration;
			buildSettings = {
				ASSETCATALOG_COMPILER_APPICON_NAME = AppIcon;
				CODE_SIGN_ENTITLEMENTS = Suhoor/Suhoor.entitlements;
				CODE_SIGN_IDENTITY = "iPhone Developer";
				CURRENT_PROJECT_VERSION = 1;
				GENERATE_INFOPLIST_FILE = YES;
				INFOPLIST_GENERATION_MODE = GeneratedFile;
				INFOPLIST_KEY_NSHealthShareUsageDescription = "Suhoor can track your fasting hours in Apple Health.";
				INFOPLIST_KEY_NSLocationWhenInUseUsageDescription = "Suhoor needs your location to calculate accurate prayer times and Qibla direction.";
				INFOPLIST_KEY_UIApplicationSceneManifest_Generation = YES;
				INFOPLIST_KEY_UIApplicationSupportsIndirectInputEvents = YES;
				INFOPLIST_KEY_UILaunchScreen_Generation = YES;
				INFOPLIST_KEY_UISupportedInterfaceOrientations_iPad = "UIInterfaceOrientationPortrait UIInterfaceOrientationPortraitUpsideDown UIInterfaceOrientationLandscapeLeft UIInterfaceOrientationLandscapeRight";
				INFOPLIST_KEY_UISupportedInterfaceOrientations_iPhone = UIInterfaceOrientationPortrait;
				LD_RUNPATH_SEARCH_PATHS = (
					"$(inherited)",
					"@executable_path/Frameworks",
				);
				MARKETING_VERSION = 1.0.0;
				PRODUCT_BUNDLE_IDENTIFIER = com.chadnewbry.suhoor;
				SDKROOT = iphoneos;
				SWIFT_EMIT_LOC_STRINGS = YES;
				TARGETED_DEVICE_FAMILY = "1,2";
			};
			name = Debug;
		};
		C58156F974F95A854A4EABEA /* Release */ = {
			isa = XCBuildConfiguration;
			buildSettings = {
				CODE_SIGN_ENTITLEMENTS = SuhoorWidgets/SuhoorWidgets.entitlements;
				CURRENT_PROJECT_VERSION = 1;
				GENERATE_INFOPLIST_FILE = YES;
				INFOPLIST_GENERATION_MODE = GeneratedFile;
				LD_RUNPATH_SEARCH_PATHS = (
					"$(inherited)",
					"@executable_path/Frameworks",
					"@executable_path/../../Frameworks",
				);
				MARKETING_VERSION = 1.0.0;
				PRODUCT_BUNDLE_IDENTIFIER = com.chadnewbry.suhoor.widgets;
				SDKROOT = iphoneos;
				SWIFT_EMIT_LOC_STRINGS = YES;
				TARGETED_DEVICE_FAMILY = "1,2";
			};
			name = Release;
		};
		F31D9515034E957E0BBD01C5 /* Debug */ = {
			isa = XCBuildConfiguration;
			buildSettings = {
				CODE_SIGN_ENTITLEMENTS = SuhoorWidgets/SuhoorWidgets.entitlements;
				CURRENT_PROJECT_VERSION = 1;
				GENERATE_INFOPLIST_FILE = YES;
				INFOPLIST_GENERATION_MODE = GeneratedFile;
				LD_RUNPATH_SEARCH_PATHS = (
					"$(inherited)",
					"@executable_path/Frameworks",
					"@executable_path/../../Frameworks",
				);
				MARKETING_VERSION = 1.0.0;
				PRODUCT_BUNDLE_IDENTIFIER = com.chadnewbry.suhoor.widgets;
				SDKROOT = iphoneos;
				SWIFT_EMIT_LOC_STRINGS = YES;
				TARGETED_DEVICE_FAMILY = "1,2";
			};
			name = Debug;
		};
/* End XCBuildConfiguration section */

/* Begin XCConfigurationList section */
		06721FF985C39818A16DAB14 /* Build configuration list for PBXProject "Suhoor" */ = {
			isa = XCConfigurationList;
			buildConfigurations = (
				0E85BA63EA73F7F9A2D82BF4 /* Debug */,
				5F44BCE3B13BBD7D36262250 /* Release */,
			);
			defaultConfigurationIsVisible = 0;
			defaultConfigurationName = Debug;
		};
		2172CCC7056D396FD43B4FF9 /* Build configuration list for PBXNativeTarget "SuhoorWidgets" */ = {
			isa = XCConfigurationList;
			buildConfigurations = (
				F31D9515034E957E0BBD01C5 /* Debug */,
				C58156F974F95A854A4EABEA /* Release */,
			);
			defaultConfigurationIsVisible = 0;
			defaultConfigurationName = Debug;
		};
		8A350E98102CF103338C9BDC /* Build configuration list for PBXNativeTarget "Suhoor" */ = {
			isa = XCConfigurationList;
			buildConfigurations = (
				BC625D184A1D66AF932C28B2 /* Debug */,
				5BEA86363647F1BA57A94A34 /* Release */,
			);
			defaultConfigurationIsVisible = 0;
			defaultConfigurationName = Debug;
		};
		A85B85CE2BF49B3BCDB0D8F5 /* Build configuration list for PBXNativeTarget "SuhoorWatch" */ = {
			isa = XCConfigurationList;
			buildConfigurations = (
				547E12A2A8AEFBF654FD7EF5 /* Debug */,
				96F686864566F20F30806D89 /* Release */,
			);
			defaultConfigurationIsVisible = 0;
			defaultConfigurationName = Debug;
		};
/* End XCConfigurationList section */
	};
	rootObject = EDF88ED580DFAF88517A6D2A /* Project object */;
}
